<?xml version="1.0" encoding="utf-8"?>
<Project ToolsVersion="4.0" xmlns="http://schemas.microsoft.com/developer/msbuild/2003">
  <ItemGroup>
    <Filter Include="Source Files">
      <UniqueIdentifier>{4FC737F1-C7A5-4376-A066-2A32D752A2FF}</UniqueIdentifier>
      <Extensions>cpp;c;cc;cxx;c++;cppm;ixx;def;odl;idl;hpj;bat;asm;asmx</Extensions>
    </Filter>
    <Filter Include="Header Files">
      <UniqueIdentifier>{93995380-89BD-4b04-88EB-625FBE52EBFB}</UniqueIdentifier>
      <Extensions>h;hh;hpp;hxx;h++;hm;inl;inc;ipp;xsd</Extensions>
    </Filter>
    <Filter Include="Resource Files">
      <UniqueIdentifier>{67DA6AB6-F800-4c08-8B7A-83BB121AAD01}</UniqueIdentifier>
      <Extensions>rc;ico;cur;bmp;dlg;rc2;rct;bin;rgs;gif;jpg;jpeg;jpe;resx;tiff;tif;png;wav;mfcribbon-ms</Extensions>
    </Filter>
    <Filter Include="Media">
      <UniqueIdentifier>{fd94aff1-7048-4168-966a-088e42b11ed6}</UniqueIdentifier>
    </Filter>
    <Filter Include="Common">
      <UniqueIdentifier>{2d292162-8d7b-4f69-a9e9-6c727546bd1a}</UniqueIdentifier>
    </Filter>
    <Filter Include="xipslib">
      <UniqueIdentifier>{1b88a13d-7f8e-453c-ab80-ac546d3b2e56}</UniqueIdentifier>
    </Filter>
    <Filter Include="xunzip2">
      <UniqueIdentifier>{d9f8de27-5717-4051-a91c-9dfc298bc3db}</UniqueIdentifier>
    </Filter>
    <Filter Include="xunzip2\unzipLIB">
      <UniqueIdentifier>{e47a1939-d7ab-4586-990a-cff83641e340}</UniqueIdentifier>
    </Filter>
  </ItemGroup>
  <ItemGroup>
    <ClCompile Include="DebugPrint.cpp">
      <Filter>Source Files</Filter>
    </ClCompile>
    <ClCompile Include="FileBrowserApp.cpp">
      <Filter>Source Files</Filter>
    </ClCompile>
    <ClCompile Include="FsUtil.cpp">
      <Filter>Source Files</Filter>
    </ClCompile>
    <ClCompile Include="GfxPrims.cpp">
      <Filter>Source Files</Filter>
    </ClCompile>
    <ClCompile Include="PaneRenderer.cpp">
      <Filter>Source Files</Filter>
    </ClCompile>
    <ClCompile Include="ContextMenu.cpp">
      <Filter>Source Files</Filter>
    </ClCompile>
    <ClCompile Include="font_xpr.c">
      <Filter>Source Files</Filter>
    </ClCompile>
    <ClCompile Include="OnScreenKeyboard.cpp">
      <Filter>Source Files</Filter>
    </ClCompile>
    <ClCompile Include="main.cpp">
      <Filter>Source Files</Filter>
    </ClCompile>
    <ClCompile Include="Resolves.cpp">
      <Filter>Source Files</Filter>
    </ClCompile>
    <ClCompile Include="..\..\..\..\..\Program Files (x86)\Microsoft Xbox SDK\Samples\Xbox\Common\Src\sjis2unicode.cpp">
      <Filter>Common</Filter>
    </ClCompile>
    <ClCompile Include="..\..\..\..\..\Program Files (x86)\Microsoft Xbox SDK\Samples\Xbox\Common\Src\xbapp.cpp">
      <Filter>Common</Filter>
    </ClCompile>
    <ClCompile Include="..\..\..\..\..\Program Files (x86)\Microsoft Xbox SDK\Samples\Xbox\Common\Src\xbinput.cpp">
      <Filter>Common</Filter>
    </ClCompile>
    <ClCompile Include="..\..\..\..\..\Program Files (x86)\Microsoft Xbox SDK\Samples\Xbox\Common\Src\xbfont.cpp">
      <Filter>Common</Filter>
    </ClCompile>
    <ClCompile Include="..\..\..\..\..\Program Files (x86)\Microsoft Xbox SDK\Samples\Xbox\Common\Src\xbutil.cpp">
      <Filter>Common</Filter>
    </ClCompile>
    <ClCompile Include="..\..\..\..\..\Program Files (x86)\Microsoft Xbox SDK\Samples\Xbox\Common\Src\xbstopwatch.cpp">
      <Filter>Common</Filter>
    </ClCompile>
    <ClCompile Include="..\..\..\..\..\Program Files (x86)\Microsoft Xbox SDK\Samples\Xbox\Common\Src\xbresource.cpp">
      <Filter>Common</Filter>
    </ClCompile>
    <ClCompile Include="AppActions.cpp">
      <Filter>Source Files</Filter>
    </ClCompile>
    <ClCompile Include="xunzip2\ziparchive.cpp">
      <Filter>xunzip2</Filter>
    </ClCompile>
    <ClCompile Include="xunzip2\xunzip2.cpp">
      <Filter>xunzip2</Filter>
    </ClCompile>
    <ClCompile Include="xunzip2\unzipLIB\src\inffast.c">
      <Filter>xunzip2\unzipLIB</Filter>
    </ClCompile>
    <ClCompile Include="xunzip2\unzipLIB\src\inflate.c">
      <Filter>xunzip2\unzipLIB</Filter>
    </ClCompile>
    <ClCompile Include="xunzip2\unzipLIB\src\inftrees.c">
      <Filter>xunzip2\unzipLIB</Filter>
    </ClCompile>
    <ClCompile Include="xunzip2\unzipLIB\src\unzip.c">
      <Filter>xunzip2\unzipLIB</Filter>
    </ClCompile>
    <ClCompile Include="xunzip2\unzipLIB\src\unzipLIB.cpp">
      <Filter>xunzip2\unzipLIB</Filter>
    </ClCompile>
    <ClCompile Include="xunzip2\unzipLIB\src\zutil.c">
      <Filter>xunzip2\unzipLIB</Filter>
    </ClCompile>
    <ClCompile Include="xunzip2\unzipLIB\src\adler32.c">
      <Filter>xunzip2\unzipLIB</Filter>
    </ClCompile>
    <ClCompile Include="xunzip2\unzipLIB\src\crc32.c">
      <Filter>xunzip2\unzipLIB</Filter>
    </ClCompile>
    <ClCompile Include="xunzip2\unzipLIB\src\infback.c">
      <Filter>xunzip2\unzipLIB</Filter>
    </ClCompile>
    <ClCompile Include="xipslib\xipslib.cpp">
      <Filter>xipslib</Filter>
    </ClCompile>
  </ItemGroup>
  <ItemGroup>
    <ClInclude Include="OnScreenKeyboard.h">
      <Filter>Header Files</Filter>
    </ClInclude>
    <ClInclude Include="PaneModel.h">
      <Filter>Header Files</Filter>
    </ClInclude>
    <ClInclude Include="PaneRenderer.h">
      <Filter>Header Files</Filter>
    </ClInclude>
    <ClInclude Include="AppActions.h">
      <Filter>Header Files</Filter>
    </ClInclude>
    <ClInclude Include="ContextMenu.h">
      <Filter>Header Files</Filter>
    </ClInclude>
    <ClInclude Include="DebugPrint.h">
      <Filter>Header Files</Filter>
    </ClInclude>
    <ClInclude Include="FileBrowserApp.h">
      <Filter>Header Files</Filter>
    </ClInclude>
    <ClInclude Include="font_xpr.h">
      <Filter>Header Files</Filter>
    </ClInclude>
    <ClInclude Include="FsUtil.h">
      <Filter>Header Files</Filter>
    </ClInclude>
    <ClInclude Include="GfxPrims.h">
      <Filter>Header Files</Filter>
    </ClInclude>
    <ClInclude Include="xunzip2\ziparchive.h">
      <Filter>xunzip2</Filter>
    </ClInclude>
    <ClInclude Include="xunzip2\stdint.h">
      <Filter>xunzip2</Filter>
    </ClInclude>
    <ClInclude Include="xunzip2\StdString.h">
      <Filter>xunzip2</Filter>
    </ClInclude>
    <ClInclude Include="xunzip2\xunzip2.h">
      <Filter>xunzip2</Filter>
    </ClInclude>
    <ClInclude Include="xipslib\xipslib.h">
      <Filter>xipslib</Filter>
    </ClInclude>
    <ClInclude Include="xunzip2\unzipLIB\src\inffast.h">
      <Filter>xunzip2\unzipLIB</Filter>
    </ClInclude>
    <ClInclude Include="xunzip2\unzipLIB\src\inffixed.h">
      <Filter>xunzip2\unzipLIB</Filter>
    </ClInclude>
    <ClInclude Include="xunzip2\unzipLIB\src\inflate.h">
      <Filter>xunzip2\unzipLIB</Filter>
    </ClInclude>
    <ClInclude Include="xunzip2\unzipLIB\src\inftrees.h">
      <Filter>xunzip2\unzipLIB</Filter>
    </ClInclude>
    <ClInclude Include="xunzip2\unzipLIB\src\unzip.h">
      <Filter>xunzip2\unzipLIB</Filter>
    </ClInclude>
    <ClInclude Include="xunzip2\unzipLIB\src\unzipLIB.h">
      <Filter>xunzip2\unzipLIB</Filter>
    </ClInclude>
    <ClInclude Include="xunzip2\unzipLIB\src\zconf.h">
      <Filter>xunzip2\unzipLIB</Filter>
    </ClInclude>
    <ClInclude Include="xunzip2\unzipLIB\src\zlib.h">
      <Filter>xunzip2\unzipLIB</Filter>
    </ClInclude>
    <ClInclude Include="xunzip2\unzipLIB\src\zutil.h">
      <Filter>xunzip2\unzipLIB</Filter>
    </ClInclude>
    <ClInclude Include="xunzip2\unzipLIB\src\crc32.h">
      <Filter>xunzip2\unzipLIB</Filter>
    </ClInclude>
    <ClInclude Include="xunzip2\unzipLIB\src\gzguts.h">
      <Filter>xunzip2\unzipLIB</Filter>
    </ClInclude>
  </ItemGroup>
</Project>